PODS:
  - Realm (3.4.0):
    - Realm/Headers (= 3.4.0)
  - Realm/Headers (3.4.0)
  - RealmSwift (3.4.0):
    - Realm (= 3.4.0)

DEPENDENCIES:
  - RealmSwift

SPEC REPOS:
  https://github.com/CocoaPods/Specs.git:
    - Realm
    - RealmSwift

SPEC CHECKSUMS:
  Realm: 9527c7baa2260f3a3aad6823d2d71cafff9b046b
  RealmSwift: f40a747beaea1cadde7dcef41ee5a34b3001677b

PODFILE CHECKSUM: a332343228e7dd69ab5d4926a97d4fffe0ee757c

COCOAPODS: 1.5.0
